
Microsoft Visual Studio Solution File, Format Version 11.00
# Visual Studio 2010
Project("{FAE04EC0-301F-11D3-BF4B-00C04F79EFBC}") = "DynamicMethodBinding", "DynamicMethodBinding\DynamicMethodBinding.csproj", "{2FBE6418-4132-4F8C-855D-84B4A87ECAF2}"
EndProject
Project("{2150E333-8FDC-42A3-9474-1A3956D46DE8}") = ".nuget", ".nuget", "{151FFE78-69B8-4D93-8C5E-6BEA53B7CF35}"
	ProjectSection(SolutionItems) = preProject
		.nuget\packages.config = .nuget\packages.config
	EndProjectSection
EndProject
Global
	GlobalSection(SolutionConfigurationPlatforms) = preSolution
		Debug|Any CPU = Debug|Any CPU
		Release|Any CPU = Release|Any CPU
	EndGlobalSection
	GlobalSection(ProjectConfigurationPlatforms) = postSolution
		{2FBE6418-4132-4F8C-855D-84B4A87ECAF2}.Debug|Any CPU.ActiveCfg = Debug|Any CPU
		{2FBE6418-4132-4F8C-855D-84B4A87ECAF2}.Debug|Any CPU.Build.0 = Debug|Any CPU
		{2FBE6418-4132-4F8C-855D-84B4A87ECAF2}.Release|Any CPU.ActiveCfg = Release|Any CPU
		{2FBE6418-4132-4F8C-855D-84B4A87ECAF2}.Release|Any CPU.Build.0 = Release|Any CPU
	EndGlobalSection
	GlobalSection(SolutionProperties) = preSolution
		HideSolutionNode = FALSE
	EndGlobalSection
EndGlobal
